
Microsoft Visual Studio Solution File, Format Version 12.00
# Visual Studio Version 17
VisualStudioVersion = 17.5.33424.131
MinimumVisualStudioVersion = 10.0.40219.1
Project("{FAE04EC0-301F-11D3-BF4B-00C04F79EFBC}") = "employe", "employe\employe.csproj", "{996404BB-A4BF-4AF7-9228-BA97C0B56A92}"
EndProject
Project("{FAE04EC0-301F-11D3-BF4B-00C04F79EFBC}") = "Encapsulation", "Encapsulation\Encapsulation.csproj", "{A0DFE44B-B913-4A5B-AB18-EF5156E05277}"
EndProject
Global
	GlobalSection(SolutionConfigurationPlatforms) = preSolution
		Debug|Any CPU = Debug|Any CPU
		Release|Any CPU = Release|Any CPU
	EndGlobalSection
	GlobalSection(ProjectConfigurationPlatforms) = postSolution
		{996404BB-A4BF-4AF7-9228-BA97C0B56A92}.Debug|Any CPU.ActiveCfg = Debug|Any CPU
		{996404BB-A4BF-4AF7-9228-BA97C0B56A92}.Debug|Any CPU.Build.0 = Debug|Any CPU
		{996404BB-A4BF-4AF7-9228-BA97C0B56A92}.Release|Any CPU.ActiveCfg = Release|Any CPU
		{996404BB-A4BF-4AF7-9228-BA97C0B56A92}.Release|Any CPU.Build.0 = Release|Any CPU
		{A0DFE44B-B913-4A5B-AB18-EF5156E05277}.Debug|Any CPU.ActiveCfg = Debug|Any CPU
		{A0DFE44B-B913-4A5B-AB18-EF5156E05277}.Debug|Any CPU.Build.0 = Debug|Any CPU
		{A0DFE44B-B913-4A5B-AB18-EF5156E05277}.Release|Any CPU.ActiveCfg = Release|Any CPU
		{A0DFE44B-B913-4A5B-AB18-EF5156E05277}.Release|Any CPU.Build.0 = Release|Any CPU
	EndGlobalSection
	GlobalSection(SolutionProperties) = preSolution
		HideSolutionNode = FALSE
	EndGlobalSection
	GlobalSection(ExtensibilityGlobals) = postSolution
		SolutionGuid = {0164FAF8-8513-4EAC-BC9D-7EC027C96E8C}
	EndGlobalSection
EndGlobal
